
Microsoft Visual Studio Solution File, Format Version 12.00
# Visual Studio Version 17
VisualStudioVersion = 17.1.32407.343
MinimumVisualStudioVersion = 10.0.40219.1
Project("{9A19103F-16F7-4668-BE54-9A1E7A4F7556}") = "ProjectBuilder.Web.MVC", "ProjectBuilder.Web.MVC\ProjectBuilder.Web.MVC.csproj", "{3E24F26F-FE33-4320-A78E-2ECF0A15BD21}"
EndProject
Project("{FAE04EC0-301F-11D3-BF4B-00C04F79EFBC}") = "PBLogic", "ProjectBuilder\PBLogic\PBLogic.csproj", "{C8AEED8B-F39B-4891-82D6-41C4F39A525F}"
EndProject
Project("{2150E333-8FDC-42A3-9474-1A3956D46DE8}") = "ProjectBuilder", "ProjectBuilder", "{A87FC508-CAC7-4E71-8BF7-A12FC3B50A4F}"
EndProject
Project("{9A19103F-16F7-4668-BE54-9A1E7A4F7556}") = "PBLogic.Test", "ProjectBuilder\PBLogic.Test\PBLogic.Test.csproj", "{2586590B-BB4C-4C6D-BADC-F5E13414A9BA}"
EndProject
Project("{9A19103F-16F7-4668-BE54-9A1E7A4F7556}") = "ProjectBuilder.Core", "ProjectBuilder\ProjectBuilder.Core\ProjectBuilder.Core.csproj", "{CF7B7BC5-D4CF-4FF4-BC60-D3E3E85C7D34}"
EndProject
Project("{9A19103F-16F7-4668-BE54-9A1E7A4F7556}") = "ProjectBuilder.DataAccess", "ProjectBuilder\ProjectBuilder.DataAccess\ProjectBuilder.DataAccess.csproj", "{A0893FFB-76EB-4468-8757-109C640FCAA0}"
EndProject
Project("{9A19103F-16F7-4668-BE54-9A1E7A4F7556}") = "ProjectBuilder.Tests", "ProjectBuilder\ProjectBuilder.Tests\ProjectBuilder.Tests.csproj", "{B525776B-A0C7-4F0E-BAF2-4B29D77DA34D}"
EndProject
Project("{2150E333-8FDC-42A3-9474-1A3956D46DE8}") = "ProjectBuilder.Utilities", "ProjectBuilder.Utilities", "{42C758FA-44B7-4DD0-99FD-A4D3BCDAFE69}"
EndProject
Project("{FAE04EC0-301F-11D3-BF4B-00C04F79EFBC}") = "BAMSDataImporter", "ProjectBuilder.Utilities\BAMSDataImporter\BAMSDataImporter.csproj", "{C8DCCA33-B0C9-4282-8ED4-7803F0497DDF}"
EndProject
Project("{FAE04EC0-301F-11D3-BF4B-00C04F79EFBC}") = "BAMSImportCL", "ProjectBuilder.Utilities\BAMSImportCL\BAMSImportCL.csproj", "{8CA011CB-8A87-40E9-98D2-6139CD482D67}"
EndProject
Project("{FAE04EC0-301F-11D3-BF4B-00C04F79EFBC}") = "BulkInserter", "ProjectBuilder.Utilities\BulkInserter\BulkInserter.csproj", "{02610BEB-435F-4397-91E2-EC20740AE0E0}"
EndProject
Project("{FAE04EC0-301F-11D3-BF4B-00C04F79EFBC}") = "LargeJSONParser", "ProjectBuilder.Utilities\LargeJSONParser\LargeJSONParser.csproj", "{87F35E22-A5DB-485F-85BF-CBC90BA1D3DF}"
EndProject
Project("{FAE04EC0-301F-11D3-BF4B-00C04F79EFBC}") = "PAMSDataImporter", "ProjectBuilder.Utilities\PAMSDataImporter\PAMSDataImporter.csproj", "{1145201C-8AC4-4E6B-A95B-8A62517C102F}"
EndProject
Project("{FAE04EC0-301F-11D3-BF4B-00C04F79EFBC}") = "PAMSImportCL", "ProjectBuilder.Utilities\PAMSImportCL\PAMSImportCL.csproj", "{CBBF72E4-AE02-4434-ACA0-B066055CA98F}"
EndProject
Project("{9A19103F-16F7-4668-BE54-9A1E7A4F7556}") = "ProjectBuilder.Services", "ProjectBuilder.Services\ProjectBuilder.Services.csproj", "{818A4741-0FCF-40D0-8412-A9AF9E11D9A6}"
EndProject
Project("{FAE04EC0-301F-11D3-BF4B-00C04F79EFBC}") = "GisJsonHandler", "ProjectBuilder.Utilities\GisJsonHandler\GisJsonHandler.csproj", "{DDB9658E-BCD4-4DF1-BC21-C7F8AE7E1A25}"
EndProject
Project("{FAE04EC0-301F-11D3-BF4B-00C04F79EFBC}") = "ExcelWrapper", "ProjectBuilder.Utilities\ExcelWrapper\ExcelWrapper.csproj", "{B65DC4DC-3713-4DCC-8C61-19FCB1215130}"
EndProject
Global
	GlobalSection(SolutionConfigurationPlatforms) = preSolution
		Debug|Any CPU = Debug|Any CPU
		Debug|x64 = Debug|x64
		Release|Any CPU = Release|Any CPU
		Release|x64 = Release|x64
	EndGlobalSection
	GlobalSection(ProjectConfigurationPlatforms) = postSolution
		{3E24F26F-FE33-4320-A78E-2ECF0A15BD21}.Debug|Any CPU.ActiveCfg = Debug|Any CPU
		{3E24F26F-FE33-4320-A78E-2ECF0A15BD21}.Debug|Any CPU.Build.0 = Debug|Any CPU
		{3E24F26F-FE33-4320-A78E-2ECF0A15BD21}.Debug|x64.ActiveCfg = Debug|Any CPU
		{3E24F26F-FE33-4320-A78E-2ECF0A15BD21}.Debug|x64.Build.0 = Debug|Any CPU
		{3E24F26F-FE33-4320-A78E-2ECF0A15BD21}.Release|Any CPU.ActiveCfg = Release|Any CPU
		{3E24F26F-FE33-4320-A78E-2ECF0A15BD21}.Release|Any CPU.Build.0 = Release|Any CPU
		{3E24F26F-FE33-4320-A78E-2ECF0A15BD21}.Release|x64.ActiveCfg = Release|Any CPU
		{3E24F26F-FE33-4320-A78E-2ECF0A15BD21}.Release|x64.Build.0 = Release|Any CPU
		{C8AEED8B-F39B-4891-82D6-41C4F39A525F}.Debug|Any CPU.ActiveCfg = Debug|Any CPU
		{C8AEED8B-F39B-4891-82D6-41C4F39A525F}.Debug|Any CPU.Build.0 = Debug|Any CPU
		{C8AEED8B-F39B-4891-82D6-41C4F39A525F}.Debug|x64.ActiveCfg = Debug|Any CPU
		{C8AEED8B-F39B-4891-82D6-41C4F39A525F}.Debug|x64.Build.0 = Debug|Any CPU
		{C8AEED8B-F39B-4891-82D6-41C4F39A525F}.Release|Any CPU.ActiveCfg = Release|Any CPU
		{C8AEED8B-F39B-4891-82D6-41C4F39A525F}.Release|Any CPU.Build.0 = Release|Any CPU
		{C8AEED8B-F39B-4891-82D6-41C4F39A525F}.Release|x64.ActiveCfg = Release|Any CPU
		{C8AEED8B-F39B-4891-82D6-41C4F39A525F}.Release|x64.Build.0 = Release|Any CPU
		{2586590B-BB4C-4C6D-BADC-F5E13414A9BA}.Debug|Any CPU.ActiveCfg = Debug|Any CPU
		{2586590B-BB4C-4C6D-BADC-F5E13414A9BA}.Debug|Any CPU.Build.0 = Debug|Any CPU
		{2586590B-BB4C-4C6D-BADC-F5E13414A9BA}.Debug|x64.ActiveCfg = Debug|Any CPU
		{2586590B-BB4C-4C6D-BADC-F5E13414A9BA}.Debug|x64.Build.0 = Debug|Any CPU
		{2586590B-BB4C-4C6D-BADC-F5E13414A9BA}.Release|Any CPU.ActiveCfg = Release|Any CPU
		{2586590B-BB4C-4C6D-BADC-F5E13414A9BA}.Release|Any CPU.Build.0 = Release|Any CPU
		{2586590B-BB4C-4C6D-BADC-F5E13414A9BA}.Release|x64.ActiveCfg = Release|Any CPU
		{2586590B-BB4C-4C6D-BADC-F5E13414A9BA}.Release|x64.Build.0 = Release|Any CPU
		{CF7B7BC5-D4CF-4FF4-BC60-D3E3E85C7D34}.Debug|Any CPU.ActiveCfg = Debug|Any CPU
		{CF7B7BC5-D4CF-4FF4-BC60-D3E3E85C7D34}.Debug|Any CPU.Build.0 = Debug|Any CPU
		{CF7B7BC5-D4CF-4FF4-BC60-D3E3E85C7D34}.Debug|x64.ActiveCfg = Debug|x64
		{CF7B7BC5-D4CF-4FF4-BC60-D3E3E85C7D34}.Debug|x64.Build.0 = Debug|x64
		{CF7B7BC5-D4CF-4FF4-BC60-D3E3E85C7D34}.Release|Any CPU.ActiveCfg = Release|Any CPU
		{CF7B7BC5-D4CF-4FF4-BC60-D3E3E85C7D34}.Release|Any CPU.Build.0 = Release|Any CPU
		{CF7B7BC5-D4CF-4FF4-BC60-D3E3E85C7D34}.Release|x64.ActiveCfg = Release|x64
		{CF7B7BC5-D4CF-4FF4-BC60-D3E3E85C7D34}.Release|x64.Build.0 = Release|x64
		{A0893FFB-76EB-4468-8757-109C640FCAA0}.Debug|Any CPU.ActiveCfg = Debug|Any CPU
		{A0893FFB-76EB-4468-8757-109C640FCAA0}.Debug|Any CPU.Build.0 = Debug|Any CPU
		{A0893FFB-76EB-4468-8757-109C640FCAA0}.Debug|x64.ActiveCfg = Debug|x64
		{A0893FFB-76EB-4468-8757-109C640FCAA0}.Debug|x64.Build.0 = Debug|x64
		{A0893FFB-76EB-4468-8757-109C640FCAA0}.Release|Any CPU.ActiveCfg = Release|Any CPU
		{A0893FFB-76EB-4468-8757-109C640FCAA0}.Release|Any CPU.Build.0 = Release|Any CPU
		{A0893FFB-76EB-4468-8757-109C640FCAA0}.Release|x64.ActiveCfg = Release|x64
		{A0893FFB-76EB-4468-8757-109C640FCAA0}.Release|x64.Build.0 = Release|x64
		{B525776B-A0C7-4F0E-BAF2-4B29D77DA34D}.Debug|Any CPU.ActiveCfg = Debug|Any CPU
		{B525776B-A0C7-4F0E-BAF2-4B29D77DA34D}.Debug|Any CPU.Build.0 = Debug|Any CPU
		{B525776B-A0C7-4F0E-BAF2-4B29D77DA34D}.Debug|x64.ActiveCfg = Debug|x64
		{B525776B-A0C7-4F0E-BAF2-4B29D77DA34D}.Debug|x64.Build.0 = Debug|x64
		{B525776B-A0C7-4F0E-BAF2-4B29D77DA34D}.Release|Any CPU.ActiveCfg = Release|Any CPU
		{B525776B-A0C7-4F0E-BAF2-4B29D77DA34D}.Release|Any CPU.Build.0 = Release|Any CPU
		{B525776B-A0C7-4F0E-BAF2-4B29D77DA34D}.Release|x64.ActiveCfg = Release|x64
		{B525776B-A0C7-4F0E-BAF2-4B29D77DA34D}.Release|x64.Build.0 = Release|x64
		{C8DCCA33-B0C9-4282-8ED4-7803F0497DDF}.Debug|Any CPU.ActiveCfg = Debug|Any CPU
		{C8DCCA33-B0C9-4282-8ED4-7803F0497DDF}.Debug|Any CPU.Build.0 = Debug|Any CPU
		{C8DCCA33-B0C9-4282-8ED4-7803F0497DDF}.Debug|x64.ActiveCfg = Debug|x64
		{C8DCCA33-B0C9-4282-8ED4-7803F0497DDF}.Debug|x64.Build.0 = Debug|x64
		{C8DCCA33-B0C9-4282-8ED4-7803F0497DDF}.Release|Any CPU.ActiveCfg = Release|Any CPU
		{C8DCCA33-B0C9-4282-8ED4-7803F0497DDF}.Release|Any CPU.Build.0 = Release|Any CPU
		{C8DCCA33-B0C9-4282-8ED4-7803F0497DDF}.Release|x64.ActiveCfg = Release|x64
		{C8DCCA33-B0C9-4282-8ED4-7803F0497DDF}.Release|x64.Build.0 = Release|x64
		{8CA011CB-8A87-40E9-98D2-6139CD482D67}.Debug|Any CPU.ActiveCfg = Debug|Any CPU
		{8CA011CB-8A87-40E9-98D2-6139CD482D67}.Debug|Any CPU.Build.0 = Debug|Any CPU
		{8CA011CB-8A87-40E9-98D2-6139CD482D67}.Debug|x64.ActiveCfg = Debug|x64
		{8CA011CB-8A87-40E9-98D2-6139CD482D67}.Debug|x64.Build.0 = Debug|x64
		{8CA011CB-8A87-40E9-98D2-6139CD482D67}.Release|Any CPU.ActiveCfg = Release|Any CPU
		{8CA011CB-8A87-40E9-98D2-6139CD482D67}.Release|Any CPU.Build.0 = Release|Any CPU
		{8CA011CB-8A87-40E9-98D2-6139CD482D67}.Release|x64.ActiveCfg = Release|x64
		{8CA011CB-8A87-40E9-98D2-6139CD482D67}.Release|x64.Build.0 = Release|x64
		{02610BEB-435F-4397-91E2-EC20740AE0E0}.Debug|Any CPU.ActiveCfg = Debug|Any CPU
		{02610BEB-435F-4397-91E2-EC20740AE0E0}.Debug|Any CPU.Build.0 = Debug|Any CPU
		{02610BEB-435F-4397-91E2-EC20740AE0E0}.Debug|x64.ActiveCfg = Debug|x64
		{02610BEB-435F-4397-91E2-EC20740AE0E0}.Debug|x64.Build.0 = Debug|x64
		{02610BEB-435F-4397-91E2-EC20740AE0E0}.Release|Any CPU.ActiveCfg = Release|Any CPU
		{02610BEB-435F-4397-91E2-EC20740AE0E0}.Release|Any CPU.Build.0 = Release|Any CPU
		{02610BEB-435F-4397-91E2-EC20740AE0E0}.Release|x64.ActiveCfg = Release|x64
		{02610BEB-435F-4397-91E2-EC20740AE0E0}.Release|x64.Build.0 = Release|x64
		{87F35E22-A5DB-485F-85BF-CBC90BA1D3DF}.Debug|Any CPU.ActiveCfg = Debug|Any CPU
		{87F35E22-A5DB-485F-85BF-CBC90BA1D3DF}.Debug|Any CPU.Build.0 = Debug|Any CPU
		{87F35E22-A5DB-485F-85BF-CBC90BA1D3DF}.Debug|x64.ActiveCfg = Debug|x64
		{87F35E22-A5DB-485F-85BF-CBC90BA1D3DF}.Debug|x64.Build.0 = Debug|x64
		{87F35E22-A5DB-485F-85BF-CBC90BA1D3DF}.Release|Any CPU.ActiveCfg = Release|Any CPU
		{87F35E22-A5DB-485F-85BF-CBC90BA1D3DF}.Release|Any CPU.Build.0 = Release|Any CPU
		{87F35E22-A5DB-485F-85BF-CBC90BA1D3DF}.Release|x64.ActiveCfg = Release|x64
		{87F35E22-A5DB-485F-85BF-CBC90BA1D3DF}.Release|x64.Build.0 = Release|x64
		{1145201C-8AC4-4E6B-A95B-8A62517C102F}.Debug|Any CPU.ActiveCfg = Debug|Any CPU
		{1145201C-8AC4-4E6B-A95B-8A62517C102F}.Debug|Any CPU.Build.0 = Debug|Any CPU
		{1145201C-8AC4-4E6B-A95B-8A62517C102F}.Debug|x64.ActiveCfg = Debug|x64
		{1145201C-8AC4-4E6B-A95B-8A62517C102F}.Debug|x64.Build.0 = Debug|x64
		{1145201C-8AC4-4E6B-A95B-8A62517C102F}.Release|Any CPU.ActiveCfg = Release|Any CPU
		{1145201C-8AC4-4E6B-A95B-8A62517C102F}.Release|Any CPU.Build.0 = Release|Any CPU
		{1145201C-8AC4-4E6B-A95B-8A62517C102F}.Release|x64.ActiveCfg = Release|x64
		{1145201C-8AC4-4E6B-A95B-8A62517C102F}.Release|x64.Build.0 = Release|x64
		{CBBF72E4-AE02-4434-ACA0-B066055CA98F}.Debug|Any CPU.ActiveCfg = Debug|Any CPU
		{CBBF72E4-AE02-4434-ACA0-B066055CA98F}.Debug|Any CPU.Build.0 = Debug|Any CPU
		{CBBF72E4-AE02-4434-ACA0-B066055CA98F}.Debug|x64.ActiveCfg = Debug|x64
		{CBBF72E4-AE02-4434-ACA0-B066055CA98F}.Debug|x64.Build.0 = Debug|x64
		{CBBF72E4-AE02-4434-ACA0-B066055CA98F}.Release|Any CPU.ActiveCfg = Release|Any CPU
		{CBBF72E4-AE02-4434-ACA0-B066055CA98F}.Release|Any CPU.Build.0 = Release|Any CPU
		{CBBF72E4-AE02-4434-ACA0-B066055CA98F}.Release|x64.ActiveCfg = Release|x64
		{CBBF72E4-AE02-4434-ACA0-B066055CA98F}.Release|x64.Build.0 = Release|x64
		{818A4741-0FCF-40D0-8412-A9AF9E11D9A6}.Debug|Any CPU.ActiveCfg = Debug|Any CPU
		{818A4741-0FCF-40D0-8412-A9AF9E11D9A6}.Debug|Any CPU.Build.0 = Debug|Any CPU
		{818A4741-0FCF-40D0-8412-A9AF9E11D9A6}.Debug|x64.ActiveCfg = Debug|Any CPU
		{818A4741-0FCF-40D0-8412-A9AF9E11D9A6}.Debug|x64.Build.0 = Debug|Any CPU
		{818A4741-0FCF-40D0-8412-A9AF9E11D9A6}.Release|Any CPU.ActiveCfg = Release|Any CPU
		{818A4741-0FCF-40D0-8412-A9AF9E11D9A6}.Release|Any CPU.Build.0 = Release|Any CPU
		{818A4741-0FCF-40D0-8412-A9AF9E11D9A6}.Release|x64.ActiveCfg = Release|Any CPU
		{818A4741-0FCF-40D0-8412-A9AF9E11D9A6}.Release|x64.Build.0 = Release|Any CPU
		{DDB9658E-BCD4-4DF1-BC21-C7F8AE7E1A25}.Debug|Any CPU.ActiveCfg = Debug|Any CPU
		{DDB9658E-BCD4-4DF1-BC21-C7F8AE7E1A25}.Debug|Any CPU.Build.0 = Debug|Any CPU
		{DDB9658E-BCD4-4DF1-BC21-C7F8AE7E1A25}.Debug|x64.ActiveCfg = Debug|Any CPU
		{DDB9658E-BCD4-4DF1-BC21-C7F8AE7E1A25}.Debug|x64.Build.0 = Debug|Any CPU
		{DDB9658E-BCD4-4DF1-BC21-C7F8AE7E1A25}.Release|Any CPU.ActiveCfg = Release|Any CPU
		{DDB9658E-BCD4-4DF1-BC21-C7F8AE7E1A25}.Release|Any CPU.Build.0 = Release|Any CPU
		{DDB9658E-BCD4-4DF1-BC21-C7F8AE7E1A25}.Release|x64.ActiveCfg = Release|Any CPU
		{DDB9658E-BCD4-4DF1-BC21-C7F8AE7E1A25}.Release|x64.Build.0 = Release|Any CPU
		{B65DC4DC-3713-4DCC-8C61-19FCB1215130}.Debug|Any CPU.ActiveCfg = Debug|Any CPU
		{B65DC4DC-3713-4DCC-8C61-19FCB1215130}.Debug|Any CPU.Build.0 = Debug|Any CPU
		{B65DC4DC-3713-4DCC-8C61-19FCB1215130}.Debug|x64.ActiveCfg = Debug|Any CPU
		{B65DC4DC-3713-4DCC-8C61-19FCB1215130}.Debug|x64.Build.0 = Debug|Any CPU
		{B65DC4DC-3713-4DCC-8C61-19FCB1215130}.Release|Any CPU.ActiveCfg = Release|Any CPU
		{B65DC4DC-3713-4DCC-8C61-19FCB1215130}.Release|Any CPU.Build.0 = Release|Any CPU
		{B65DC4DC-3713-4DCC-8C61-19FCB1215130}.Release|x64.ActiveCfg = Release|Any CPU
		{B65DC4DC-3713-4DCC-8C61-19FCB1215130}.Release|x64.Build.0 = Release|Any CPU
	EndGlobalSection
	GlobalSection(SolutionProperties) = preSolution
		HideSolutionNode = FALSE
	EndGlobalSection
	GlobalSection(NestedProjects) = preSolution
		{C8AEED8B-F39B-4891-82D6-41C4F39A525F} = {A87FC508-CAC7-4E71-8BF7-A12FC3B50A4F}
		{2586590B-BB4C-4C6D-BADC-F5E13414A9BA} = {A87FC508-CAC7-4E71-8BF7-A12FC3B50A4F}
		{CF7B7BC5-D4CF-4FF4-BC60-D3E3E85C7D34} = {A87FC508-CAC7-4E71-8BF7-A12FC3B50A4F}
		{A0893FFB-76EB-4468-8757-109C640FCAA0} = {A87FC508-CAC7-4E71-8BF7-A12FC3B50A4F}
		{B525776B-A0C7-4F0E-BAF2-4B29D77DA34D} = {A87FC508-CAC7-4E71-8BF7-A12FC3B50A4F}
		{C8DCCA33-B0C9-4282-8ED4-7803F0497DDF} = {42C758FA-44B7-4DD0-99FD-A4D3BCDAFE69}
		{8CA011CB-8A87-40E9-98D2-6139CD482D67} = {42C758FA-44B7-4DD0-99FD-A4D3BCDAFE69}
		{02610BEB-435F-4397-91E2-EC20740AE0E0} = {42C758FA-44B7-4DD0-99FD-A4D3BCDAFE69}
		{87F35E22-A5DB-485F-85BF-CBC90BA1D3DF} = {42C758FA-44B7-4DD0-99FD-A4D3BCDAFE69}
		{1145201C-8AC4-4E6B-A95B-8A62517C102F} = {42C758FA-44B7-4DD0-99FD-A4D3BCDAFE69}
		{CBBF72E4-AE02-4434-ACA0-B066055CA98F} = {42C758FA-44B7-4DD0-99FD-A4D3BCDAFE69}
		{DDB9658E-BCD4-4DF1-BC21-C7F8AE7E1A25} = {42C758FA-44B7-4DD0-99FD-A4D3BCDAFE69}
		{B65DC4DC-3713-4DCC-8C61-19FCB1215130} = {42C758FA-44B7-4DD0-99FD-A4D3BCDAFE69}
	EndGlobalSection
	GlobalSection(ExtensibilityGlobals) = postSolution
		SolutionGuid = {066BA415-BE47-41B1-995D-59B34B089DC9}
	EndGlobalSection
EndGlobal
