
Microsoft Visual Studio Solution File, Format Version 12.00
# Visual Studio Version 17
VisualStudioVersion = 17.1.32210.238
MinimumVisualStudioVersion = 10.0.40219.1
Project("{9A19103F-16F7-4668-BE54-9A1E7A4F7556}") = "ProjectBuilder.UI", "ProjectBuilder.UI\ProjectBuilder.UI.csproj", "{B455D475-B4CB-4485-B468-01CAFDA2172E}"
EndProject
Project("{9A19103F-16F7-4668-BE54-9A1E7A4F7556}") = "ProjectBuilder.Core", "ProjectBuilder\ProjectBuilder.Core\ProjectBuilder.Core.csproj", "{15F7DB1A-3934-43DD-AE5C-C33C0111C30F}"
EndProject
Project("{FAE04EC0-301F-11D3-BF4B-00C04F79EFBC}") = "PBLogic", "ProjectBuilder\PBLogic\PBLogic.csproj", "{C8AEED8B-F39B-4891-82D6-41C4F39A525F}"
EndProject
Project("{FAE04EC0-301F-11D3-BF4B-00C04F79EFBC}") = "BulkInserter", "ProjectBuilder.Utilities\BulkInserter\BulkInserter.csproj", "{02610BEB-435F-4397-91E2-EC20740AE0E0}"
EndProject
Project("{FAE04EC0-301F-11D3-BF4B-00C04F79EFBC}") = "PAMSDataImporter", "ProjectBuilder.Utilities\PAMSDataImporter\PAMSDataImporter.csproj", "{1145201C-8AC4-4E6B-A95B-8A62517C102F}"
EndProject
Project("{FAE04EC0-301F-11D3-BF4B-00C04F79EFBC}") = "ProjectBuilder.Console", "ProjectBuilder.Console\ProjectBuilder.Console.csproj", "{BF4C268F-3654-45EB-95AB-DCFCB0251432}"
EndProject
Project("{FAE04EC0-301F-11D3-BF4B-00C04F79EFBC}") = "LargeJSONParser", "ProjectBuilder.Utilities\LargeJSONParser\LargeJSONParser.csproj", "{87F35E22-A5DB-485F-85BF-CBC90BA1D3DF}"
EndProject
Project("{9A19103F-16F7-4668-BE54-9A1E7A4F7556}") = "ProjectBuilder.Tests", "ProjectBuilder\ProjectBuilder.Tests\ProjectBuilder.Tests.csproj", "{1703A99A-CD0A-455D-A54B-2E788DE7A202}"
EndProject
Project("{2150E333-8FDC-42A3-9474-1A3956D46DE8}") = "Project Builder", "Project Builder", "{F0E2C410-6F7B-4B4C-8111-394F9DB47A42}"
EndProject
Project("{9A19103F-16F7-4668-BE54-9A1E7A4F7556}") = "ProjectBuilder.DataAccess", "ProjectBuilder\ProjectBuilder.DataAccess\ProjectBuilder.DataAccess.csproj", "{4645BA3C-7C37-406C-8BB5-50748992B736}"
EndProject
Project("{2150E333-8FDC-42A3-9474-1A3956D46DE8}") = "ProjectBuilder.Utilities", "ProjectBuilder.Utilities", "{FEBF2DCE-8217-47F2-A7A0-88B1D5486B9F}"
EndProject
Project("{FAE04EC0-301F-11D3-BF4B-00C04F79EFBC}") = "BAMSDataImporter", "ProjectBuilder.Utilities\BAMSDataImporter\BAMSDataImporter.csproj", "{C8DCCA33-B0C9-4282-8ED4-7803F0497DDF}"
EndProject
Project("{FAE04EC0-301F-11D3-BF4B-00C04F79EFBC}") = "PAMSImportCL", "ProjectBuilder.Utilities\PAMSImportCL\PAMSImportCL.csproj", "{CBBF72E4-AE02-4434-ACA0-B066055CA98F}"
EndProject
Project("{FAE04EC0-301F-11D3-BF4B-00C04F79EFBC}") = "BAMSImportCL", "ProjectBuilder.Utilities\BAMSImportCL\BAMSImportCL.csproj", "{8CA011CB-8A87-40E9-98D2-6139CD482D67}"
EndProject
Project("{9A19103F-16F7-4668-BE54-9A1E7A4F7556}") = "PBLogic.Test", "ProjectBuilder\PBLogic.Test\PBLogic.Test.csproj", "{6307D834-A9E1-4F7D-A625-C7745D43D43D}"
EndProject
Project("{9A19103F-16F7-4668-BE54-9A1E7A4F7556}") = "PBLogicNUnit.Test", "ProjectBuilder\PBLogicNUnit.Test\PBLogicNUnit.Test.csproj", "{E52CF61B-8089-42B2-9DD4-46534EE059A1}"
EndProject
Project("{930C7802-8A8C-48F9-8165-68863BCCD9DD}") = "ProjectBuilder.Packaging", "ProjectBuilder.Packaging\ProjectBuilder.Packaging.wixproj", "{882115BA-F2EF-47D6-9466-2F3749F4C824}"
EndProject
Project("{9A19103F-16F7-4668-BE54-9A1E7A4F7556}") = "ProjectBuilder.ViewModels", "ProjectBuilder\ProjectBuilder.ViewModels\ProjectBuilder.ViewModels.csproj", "{DD41BF4D-0BC2-4C4F-92CA-38DC51826068}"
EndProject
Global
	GlobalSection(SolutionConfigurationPlatforms) = preSolution
		Debug|Any CPU = Debug|Any CPU
		Debug|ARM = Debug|ARM
		Debug|ARM64 = Debug|ARM64
		Debug|x64 = Debug|x64
		Debug|x86 = Debug|x86
		Release|Any CPU = Release|Any CPU
		Release|ARM = Release|ARM
		Release|ARM64 = Release|ARM64
		Release|x64 = Release|x64
		Release|x86 = Release|x86
	EndGlobalSection
	GlobalSection(ProjectConfigurationPlatforms) = postSolution
		{B455D475-B4CB-4485-B468-01CAFDA2172E}.Debug|Any CPU.ActiveCfg = Debug|Any CPU
		{B455D475-B4CB-4485-B468-01CAFDA2172E}.Debug|Any CPU.Build.0 = Debug|Any CPU
		{B455D475-B4CB-4485-B468-01CAFDA2172E}.Debug|ARM.ActiveCfg = Debug|Any CPU
		{B455D475-B4CB-4485-B468-01CAFDA2172E}.Debug|ARM.Build.0 = Debug|Any CPU
		{B455D475-B4CB-4485-B468-01CAFDA2172E}.Debug|ARM64.ActiveCfg = Debug|Any CPU
		{B455D475-B4CB-4485-B468-01CAFDA2172E}.Debug|ARM64.Build.0 = Debug|Any CPU
		{B455D475-B4CB-4485-B468-01CAFDA2172E}.Debug|x64.ActiveCfg = Debug|x64
		{B455D475-B4CB-4485-B468-01CAFDA2172E}.Debug|x64.Build.0 = Debug|x64
		{B455D475-B4CB-4485-B468-01CAFDA2172E}.Debug|x86.ActiveCfg = Debug|Any CPU
		{B455D475-B4CB-4485-B468-01CAFDA2172E}.Debug|x86.Build.0 = Debug|Any CPU
		{B455D475-B4CB-4485-B468-01CAFDA2172E}.Release|Any CPU.ActiveCfg = Release|Any CPU
		{B455D475-B4CB-4485-B468-01CAFDA2172E}.Release|Any CPU.Build.0 = Release|Any CPU
		{B455D475-B4CB-4485-B468-01CAFDA2172E}.Release|ARM.ActiveCfg = Release|Any CPU
		{B455D475-B4CB-4485-B468-01CAFDA2172E}.Release|ARM.Build.0 = Release|Any CPU
		{B455D475-B4CB-4485-B468-01CAFDA2172E}.Release|ARM64.ActiveCfg = Release|Any CPU
		{B455D475-B4CB-4485-B468-01CAFDA2172E}.Release|ARM64.Build.0 = Release|Any CPU
		{B455D475-B4CB-4485-B468-01CAFDA2172E}.Release|x64.ActiveCfg = Release|x64
		{B455D475-B4CB-4485-B468-01CAFDA2172E}.Release|x64.Build.0 = Release|x64
		{B455D475-B4CB-4485-B468-01CAFDA2172E}.Release|x86.ActiveCfg = Release|Any CPU
		{B455D475-B4CB-4485-B468-01CAFDA2172E}.Release|x86.Build.0 = Release|Any CPU
		{15F7DB1A-3934-43DD-AE5C-C33C0111C30F}.Debug|Any CPU.ActiveCfg = Debug|Any CPU
		{15F7DB1A-3934-43DD-AE5C-C33C0111C30F}.Debug|Any CPU.Build.0 = Debug|Any CPU
		{15F7DB1A-3934-43DD-AE5C-C33C0111C30F}.Debug|ARM.ActiveCfg = Debug|Any CPU
		{15F7DB1A-3934-43DD-AE5C-C33C0111C30F}.Debug|ARM.Build.0 = Debug|Any CPU
		{15F7DB1A-3934-43DD-AE5C-C33C0111C30F}.Debug|ARM64.ActiveCfg = Debug|Any CPU
		{15F7DB1A-3934-43DD-AE5C-C33C0111C30F}.Debug|ARM64.Build.0 = Debug|Any CPU
		{15F7DB1A-3934-43DD-AE5C-C33C0111C30F}.Debug|x64.ActiveCfg = Debug|x64
		{15F7DB1A-3934-43DD-AE5C-C33C0111C30F}.Debug|x64.Build.0 = Debug|x64
		{15F7DB1A-3934-43DD-AE5C-C33C0111C30F}.Debug|x86.ActiveCfg = Debug|Any CPU
		{15F7DB1A-3934-43DD-AE5C-C33C0111C30F}.Debug|x86.Build.0 = Debug|Any CPU
		{15F7DB1A-3934-43DD-AE5C-C33C0111C30F}.Release|Any CPU.ActiveCfg = Release|Any CPU
		{15F7DB1A-3934-43DD-AE5C-C33C0111C30F}.Release|Any CPU.Build.0 = Release|Any CPU
		{15F7DB1A-3934-43DD-AE5C-C33C0111C30F}.Release|ARM.ActiveCfg = Release|Any CPU
		{15F7DB1A-3934-43DD-AE5C-C33C0111C30F}.Release|ARM.Build.0 = Release|Any CPU
		{15F7DB1A-3934-43DD-AE5C-C33C0111C30F}.Release|ARM64.ActiveCfg = Release|Any CPU
		{15F7DB1A-3934-43DD-AE5C-C33C0111C30F}.Release|ARM64.Build.0 = Release|Any CPU
		{15F7DB1A-3934-43DD-AE5C-C33C0111C30F}.Release|x64.ActiveCfg = Release|x64
		{15F7DB1A-3934-43DD-AE5C-C33C0111C30F}.Release|x64.Build.0 = Release|x64
		{15F7DB1A-3934-43DD-AE5C-C33C0111C30F}.Release|x86.ActiveCfg = Release|Any CPU
		{15F7DB1A-3934-43DD-AE5C-C33C0111C30F}.Release|x86.Build.0 = Release|Any CPU
		{C8AEED8B-F39B-4891-82D6-41C4F39A525F}.Debug|Any CPU.ActiveCfg = Debug|Any CPU
		{C8AEED8B-F39B-4891-82D6-41C4F39A525F}.Debug|Any CPU.Build.0 = Debug|Any CPU
		{C8AEED8B-F39B-4891-82D6-41C4F39A525F}.Debug|ARM.ActiveCfg = Debug|Any CPU
		{C8AEED8B-F39B-4891-82D6-41C4F39A525F}.Debug|ARM.Build.0 = Debug|Any CPU
		{C8AEED8B-F39B-4891-82D6-41C4F39A525F}.Debug|ARM64.ActiveCfg = Debug|Any CPU
		{C8AEED8B-F39B-4891-82D6-41C4F39A525F}.Debug|ARM64.Build.0 = Debug|Any CPU
		{C8AEED8B-F39B-4891-82D6-41C4F39A525F}.Debug|x64.ActiveCfg = Debug|Any CPU
		{C8AEED8B-F39B-4891-82D6-41C4F39A525F}.Debug|x86.ActiveCfg = Debug|Any CPU
		{C8AEED8B-F39B-4891-82D6-41C4F39A525F}.Release|Any CPU.ActiveCfg = Release|Any CPU
		{C8AEED8B-F39B-4891-82D6-41C4F39A525F}.Release|Any CPU.Build.0 = Release|Any CPU
		{C8AEED8B-F39B-4891-82D6-41C4F39A525F}.Release|ARM.ActiveCfg = Release|Any CPU
		{C8AEED8B-F39B-4891-82D6-41C4F39A525F}.Release|ARM.Build.0 = Release|Any CPU
		{C8AEED8B-F39B-4891-82D6-41C4F39A525F}.Release|ARM64.ActiveCfg = Release|Any CPU
		{C8AEED8B-F39B-4891-82D6-41C4F39A525F}.Release|ARM64.Build.0 = Release|Any CPU
		{C8AEED8B-F39B-4891-82D6-41C4F39A525F}.Release|x64.ActiveCfg = Release|Any CPU
		{C8AEED8B-F39B-4891-82D6-41C4F39A525F}.Release|x86.ActiveCfg = Release|Any CPU
		{02610BEB-435F-4397-91E2-EC20740AE0E0}.Debug|Any CPU.ActiveCfg = Debug|Any CPU
		{02610BEB-435F-4397-91E2-EC20740AE0E0}.Debug|Any CPU.Build.0 = Debug|Any CPU
		{02610BEB-435F-4397-91E2-EC20740AE0E0}.Debug|ARM.ActiveCfg = Debug|Any CPU
		{02610BEB-435F-4397-91E2-EC20740AE0E0}.Debug|ARM.Build.0 = Debug|Any CPU
		{02610BEB-435F-4397-91E2-EC20740AE0E0}.Debug|ARM64.ActiveCfg = Debug|Any CPU
		{02610BEB-435F-4397-91E2-EC20740AE0E0}.Debug|ARM64.Build.0 = Debug|Any CPU
		{02610BEB-435F-4397-91E2-EC20740AE0E0}.Debug|x64.ActiveCfg = Debug|x64
		{02610BEB-435F-4397-91E2-EC20740AE0E0}.Debug|x64.Build.0 = Debug|x64
		{02610BEB-435F-4397-91E2-EC20740AE0E0}.Debug|x86.ActiveCfg = Debug|Any CPU
		{02610BEB-435F-4397-91E2-EC20740AE0E0}.Debug|x86.Build.0 = Debug|Any CPU
		{02610BEB-435F-4397-91E2-EC20740AE0E0}.Release|Any CPU.ActiveCfg = Release|Any CPU
		{02610BEB-435F-4397-91E2-EC20740AE0E0}.Release|Any CPU.Build.0 = Release|Any CPU
		{02610BEB-435F-4397-91E2-EC20740AE0E0}.Release|ARM.ActiveCfg = Release|Any CPU
		{02610BEB-435F-4397-91E2-EC20740AE0E0}.Release|ARM.Build.0 = Release|Any CPU
		{02610BEB-435F-4397-91E2-EC20740AE0E0}.Release|ARM64.ActiveCfg = Release|Any CPU
		{02610BEB-435F-4397-91E2-EC20740AE0E0}.Release|ARM64.Build.0 = Release|Any CPU
		{02610BEB-435F-4397-91E2-EC20740AE0E0}.Release|x64.ActiveCfg = Release|x64
		{02610BEB-435F-4397-91E2-EC20740AE0E0}.Release|x64.Build.0 = Release|x64
		{02610BEB-435F-4397-91E2-EC20740AE0E0}.Release|x86.ActiveCfg = Release|Any CPU
		{02610BEB-435F-4397-91E2-EC20740AE0E0}.Release|x86.Build.0 = Release|Any CPU
		{1145201C-8AC4-4E6B-A95B-8A62517C102F}.Debug|Any CPU.ActiveCfg = Debug|Any CPU
		{1145201C-8AC4-4E6B-A95B-8A62517C102F}.Debug|Any CPU.Build.0 = Debug|Any CPU
		{1145201C-8AC4-4E6B-A95B-8A62517C102F}.Debug|ARM.ActiveCfg = Debug|Any CPU
		{1145201C-8AC4-4E6B-A95B-8A62517C102F}.Debug|ARM.Build.0 = Debug|Any CPU
		{1145201C-8AC4-4E6B-A95B-8A62517C102F}.Debug|ARM64.ActiveCfg = Debug|Any CPU
		{1145201C-8AC4-4E6B-A95B-8A62517C102F}.Debug|ARM64.Build.0 = Debug|Any CPU
		{1145201C-8AC4-4E6B-A95B-8A62517C102F}.Debug|x64.ActiveCfg = Debug|x64
		{1145201C-8AC4-4E6B-A95B-8A62517C102F}.Debug|x64.Build.0 = Debug|x64
		{1145201C-8AC4-4E6B-A95B-8A62517C102F}.Debug|x86.ActiveCfg = Debug|Any CPU
		{1145201C-8AC4-4E6B-A95B-8A62517C102F}.Debug|x86.Build.0 = Debug|Any CPU
		{1145201C-8AC4-4E6B-A95B-8A62517C102F}.Release|Any CPU.ActiveCfg = Release|Any CPU
		{1145201C-8AC4-4E6B-A95B-8A62517C102F}.Release|Any CPU.Build.0 = Release|Any CPU
		{1145201C-8AC4-4E6B-A95B-8A62517C102F}.Release|ARM.ActiveCfg = Release|Any CPU
		{1145201C-8AC4-4E6B-A95B-8A62517C102F}.Release|ARM.Build.0 = Release|Any CPU
		{1145201C-8AC4-4E6B-A95B-8A62517C102F}.Release|ARM64.ActiveCfg = Release|Any CPU
		{1145201C-8AC4-4E6B-A95B-8A62517C102F}.Release|ARM64.Build.0 = Release|Any CPU
		{1145201C-8AC4-4E6B-A95B-8A62517C102F}.Release|x64.ActiveCfg = Release|x64
		{1145201C-8AC4-4E6B-A95B-8A62517C102F}.Release|x64.Build.0 = Release|x64
		{1145201C-8AC4-4E6B-A95B-8A62517C102F}.Release|x86.ActiveCfg = Release|Any CPU
		{1145201C-8AC4-4E6B-A95B-8A62517C102F}.Release|x86.Build.0 = Release|Any CPU
		{BF4C268F-3654-45EB-95AB-DCFCB0251432}.Debug|Any CPU.ActiveCfg = Debug|Any CPU
		{BF4C268F-3654-45EB-95AB-DCFCB0251432}.Debug|Any CPU.Build.0 = Debug|Any CPU
		{BF4C268F-3654-45EB-95AB-DCFCB0251432}.Debug|ARM.ActiveCfg = Debug|Any CPU
		{BF4C268F-3654-45EB-95AB-DCFCB0251432}.Debug|ARM.Build.0 = Debug|Any CPU
		{BF4C268F-3654-45EB-95AB-DCFCB0251432}.Debug|ARM64.ActiveCfg = Debug|Any CPU
		{BF4C268F-3654-45EB-95AB-DCFCB0251432}.Debug|ARM64.Build.0 = Debug|Any CPU
		{BF4C268F-3654-45EB-95AB-DCFCB0251432}.Debug|x64.ActiveCfg = Debug|x64
		{BF4C268F-3654-45EB-95AB-DCFCB0251432}.Debug|x64.Build.0 = Debug|x64
		{BF4C268F-3654-45EB-95AB-DCFCB0251432}.Debug|x86.ActiveCfg = Debug|Any CPU
		{BF4C268F-3654-45EB-95AB-DCFCB0251432}.Debug|x86.Build.0 = Debug|Any CPU
		{BF4C268F-3654-45EB-95AB-DCFCB0251432}.Release|Any CPU.ActiveCfg = Release|Any CPU
		{BF4C268F-3654-45EB-95AB-DCFCB0251432}.Release|Any CPU.Build.0 = Release|Any CPU
		{BF4C268F-3654-45EB-95AB-DCFCB0251432}.Release|ARM.ActiveCfg = Release|Any CPU
		{BF4C268F-3654-45EB-95AB-DCFCB0251432}.Release|ARM.Build.0 = Release|Any CPU
		{BF4C268F-3654-45EB-95AB-DCFCB0251432}.Release|ARM64.ActiveCfg = Release|Any CPU
		{BF4C268F-3654-45EB-95AB-DCFCB0251432}.Release|ARM64.Build.0 = Release|Any CPU
		{BF4C268F-3654-45EB-95AB-DCFCB0251432}.Release|x64.ActiveCfg = Release|x64
		{BF4C268F-3654-45EB-95AB-DCFCB0251432}.Release|x64.Build.0 = Release|x64
		{BF4C268F-3654-45EB-95AB-DCFCB0251432}.Release|x86.ActiveCfg = Release|Any CPU
		{BF4C268F-3654-45EB-95AB-DCFCB0251432}.Release|x86.Build.0 = Release|Any CPU
		{87F35E22-A5DB-485F-85BF-CBC90BA1D3DF}.Debug|Any CPU.ActiveCfg = Debug|Any CPU
		{87F35E22-A5DB-485F-85BF-CBC90BA1D3DF}.Debug|Any CPU.Build.0 = Debug|Any CPU
		{87F35E22-A5DB-485F-85BF-CBC90BA1D3DF}.Debug|ARM.ActiveCfg = Debug|Any CPU
		{87F35E22-A5DB-485F-85BF-CBC90BA1D3DF}.Debug|ARM.Build.0 = Debug|Any CPU
		{87F35E22-A5DB-485F-85BF-CBC90BA1D3DF}.Debug|ARM64.ActiveCfg = Debug|Any CPU
		{87F35E22-A5DB-485F-85BF-CBC90BA1D3DF}.Debug|ARM64.Build.0 = Debug|Any CPU
		{87F35E22-A5DB-485F-85BF-CBC90BA1D3DF}.Debug|x64.ActiveCfg = Debug|x64
		{87F35E22-A5DB-485F-85BF-CBC90BA1D3DF}.Debug|x64.Build.0 = Debug|x64
		{87F35E22-A5DB-485F-85BF-CBC90BA1D3DF}.Debug|x86.ActiveCfg = Debug|Any CPU
		{87F35E22-A5DB-485F-85BF-CBC90BA1D3DF}.Debug|x86.Build.0 = Debug|Any CPU
		{87F35E22-A5DB-485F-85BF-CBC90BA1D3DF}.Release|Any CPU.ActiveCfg = Release|Any CPU
		{87F35E22-A5DB-485F-85BF-CBC90BA1D3DF}.Release|Any CPU.Build.0 = Release|Any CPU
		{87F35E22-A5DB-485F-85BF-CBC90BA1D3DF}.Release|ARM.ActiveCfg = Release|Any CPU
		{87F35E22-A5DB-485F-85BF-CBC90BA1D3DF}.Release|ARM.Build.0 = Release|Any CPU
		{87F35E22-A5DB-485F-85BF-CBC90BA1D3DF}.Release|ARM64.ActiveCfg = Release|Any CPU
		{87F35E22-A5DB-485F-85BF-CBC90BA1D3DF}.Release|ARM64.Build.0 = Release|Any CPU
		{87F35E22-A5DB-485F-85BF-CBC90BA1D3DF}.Release|x64.ActiveCfg = Release|x64
		{87F35E22-A5DB-485F-85BF-CBC90BA1D3DF}.Release|x64.Build.0 = Release|x64
		{87F35E22-A5DB-485F-85BF-CBC90BA1D3DF}.Release|x86.ActiveCfg = Release|Any CPU
		{87F35E22-A5DB-485F-85BF-CBC90BA1D3DF}.Release|x86.Build.0 = Release|Any CPU
		{1703A99A-CD0A-455D-A54B-2E788DE7A202}.Debug|Any CPU.ActiveCfg = Debug|Any CPU
		{1703A99A-CD0A-455D-A54B-2E788DE7A202}.Debug|Any CPU.Build.0 = Debug|Any CPU
		{1703A99A-CD0A-455D-A54B-2E788DE7A202}.Debug|ARM.ActiveCfg = Debug|Any CPU
		{1703A99A-CD0A-455D-A54B-2E788DE7A202}.Debug|ARM.Build.0 = Debug|Any CPU
		{1703A99A-CD0A-455D-A54B-2E788DE7A202}.Debug|ARM64.ActiveCfg = Debug|Any CPU
		{1703A99A-CD0A-455D-A54B-2E788DE7A202}.Debug|ARM64.Build.0 = Debug|Any CPU
		{1703A99A-CD0A-455D-A54B-2E788DE7A202}.Debug|x64.ActiveCfg = Debug|x64
		{1703A99A-CD0A-455D-A54B-2E788DE7A202}.Debug|x64.Build.0 = Debug|x64
		{1703A99A-CD0A-455D-A54B-2E788DE7A202}.Debug|x86.ActiveCfg = Debug|Any CPU
		{1703A99A-CD0A-455D-A54B-2E788DE7A202}.Debug|x86.Build.0 = Debug|Any CPU
		{1703A99A-CD0A-455D-A54B-2E788DE7A202}.Release|Any CPU.ActiveCfg = Release|Any CPU
		{1703A99A-CD0A-455D-A54B-2E788DE7A202}.Release|Any CPU.Build.0 = Release|Any CPU
		{1703A99A-CD0A-455D-A54B-2E788DE7A202}.Release|ARM.ActiveCfg = Release|Any CPU
		{1703A99A-CD0A-455D-A54B-2E788DE7A202}.Release|ARM.Build.0 = Release|Any CPU
		{1703A99A-CD0A-455D-A54B-2E788DE7A202}.Release|ARM64.ActiveCfg = Release|Any CPU
		{1703A99A-CD0A-455D-A54B-2E788DE7A202}.Release|ARM64.Build.0 = Release|Any CPU
		{1703A99A-CD0A-455D-A54B-2E788DE7A202}.Release|x64.ActiveCfg = Release|x64
		{1703A99A-CD0A-455D-A54B-2E788DE7A202}.Release|x64.Build.0 = Release|x64
		{1703A99A-CD0A-455D-A54B-2E788DE7A202}.Release|x86.ActiveCfg = Release|Any CPU
		{1703A99A-CD0A-455D-A54B-2E788DE7A202}.Release|x86.Build.0 = Release|Any CPU
		{4645BA3C-7C37-406C-8BB5-50748992B736}.Debug|Any CPU.ActiveCfg = Debug|Any CPU
		{4645BA3C-7C37-406C-8BB5-50748992B736}.Debug|Any CPU.Build.0 = Debug|Any CPU
		{4645BA3C-7C37-406C-8BB5-50748992B736}.Debug|ARM.ActiveCfg = Debug|Any CPU
		{4645BA3C-7C37-406C-8BB5-50748992B736}.Debug|ARM.Build.0 = Debug|Any CPU
		{4645BA3C-7C37-406C-8BB5-50748992B736}.Debug|ARM64.ActiveCfg = Debug|Any CPU
		{4645BA3C-7C37-406C-8BB5-50748992B736}.Debug|ARM64.Build.0 = Debug|Any CPU
		{4645BA3C-7C37-406C-8BB5-50748992B736}.Debug|x64.ActiveCfg = Debug|x64
		{4645BA3C-7C37-406C-8BB5-50748992B736}.Debug|x64.Build.0 = Debug|x64
		{4645BA3C-7C37-406C-8BB5-50748992B736}.Debug|x86.ActiveCfg = Debug|Any CPU
		{4645BA3C-7C37-406C-8BB5-50748992B736}.Debug|x86.Build.0 = Debug|Any CPU
		{4645BA3C-7C37-406C-8BB5-50748992B736}.Release|Any CPU.ActiveCfg = Release|Any CPU
		{4645BA3C-7C37-406C-8BB5-50748992B736}.Release|Any CPU.Build.0 = Release|Any CPU
		{4645BA3C-7C37-406C-8BB5-50748992B736}.Release|ARM.ActiveCfg = Release|Any CPU
		{4645BA3C-7C37-406C-8BB5-50748992B736}.Release|ARM.Build.0 = Release|Any CPU
		{4645BA3C-7C37-406C-8BB5-50748992B736}.Release|ARM64.ActiveCfg = Release|Any CPU
		{4645BA3C-7C37-406C-8BB5-50748992B736}.Release|ARM64.Build.0 = Release|Any CPU
		{4645BA3C-7C37-406C-8BB5-50748992B736}.Release|x64.ActiveCfg = Release|x64
		{4645BA3C-7C37-406C-8BB5-50748992B736}.Release|x64.Build.0 = Release|x64
		{4645BA3C-7C37-406C-8BB5-50748992B736}.Release|x86.ActiveCfg = Release|Any CPU
		{4645BA3C-7C37-406C-8BB5-50748992B736}.Release|x86.Build.0 = Release|Any CPU
		{C8DCCA33-B0C9-4282-8ED4-7803F0497DDF}.Debug|Any CPU.ActiveCfg = Debug|Any CPU
		{C8DCCA33-B0C9-4282-8ED4-7803F0497DDF}.Debug|Any CPU.Build.0 = Debug|Any CPU
		{C8DCCA33-B0C9-4282-8ED4-7803F0497DDF}.Debug|ARM.ActiveCfg = Debug|Any CPU
		{C8DCCA33-B0C9-4282-8ED4-7803F0497DDF}.Debug|ARM.Build.0 = Debug|Any CPU
		{C8DCCA33-B0C9-4282-8ED4-7803F0497DDF}.Debug|ARM64.ActiveCfg = Debug|Any CPU
		{C8DCCA33-B0C9-4282-8ED4-7803F0497DDF}.Debug|ARM64.Build.0 = Debug|Any CPU
		{C8DCCA33-B0C9-4282-8ED4-7803F0497DDF}.Debug|x64.ActiveCfg = Debug|x64
		{C8DCCA33-B0C9-4282-8ED4-7803F0497DDF}.Debug|x64.Build.0 = Debug|x64
		{C8DCCA33-B0C9-4282-8ED4-7803F0497DDF}.Debug|x86.ActiveCfg = Debug|Any CPU
		{C8DCCA33-B0C9-4282-8ED4-7803F0497DDF}.Debug|x86.Build.0 = Debug|Any CPU
		{C8DCCA33-B0C9-4282-8ED4-7803F0497DDF}.Release|Any CPU.ActiveCfg = Release|Any CPU
		{C8DCCA33-B0C9-4282-8ED4-7803F0497DDF}.Release|Any CPU.Build.0 = Release|Any CPU
		{C8DCCA33-B0C9-4282-8ED4-7803F0497DDF}.Release|ARM.ActiveCfg = Release|Any CPU
		{C8DCCA33-B0C9-4282-8ED4-7803F0497DDF}.Release|ARM.Build.0 = Release|Any CPU
		{C8DCCA33-B0C9-4282-8ED4-7803F0497DDF}.Release|ARM64.ActiveCfg = Release|Any CPU
		{C8DCCA33-B0C9-4282-8ED4-7803F0497DDF}.Release|ARM64.Build.0 = Release|Any CPU
		{C8DCCA33-B0C9-4282-8ED4-7803F0497DDF}.Release|x64.ActiveCfg = Release|x64
		{C8DCCA33-B0C9-4282-8ED4-7803F0497DDF}.Release|x64.Build.0 = Release|x64
		{C8DCCA33-B0C9-4282-8ED4-7803F0497DDF}.Release|x86.ActiveCfg = Release|Any CPU
		{C8DCCA33-B0C9-4282-8ED4-7803F0497DDF}.Release|x86.Build.0 = Release|Any CPU
		{CBBF72E4-AE02-4434-ACA0-B066055CA98F}.Debug|Any CPU.ActiveCfg = Debug|Any CPU
		{CBBF72E4-AE02-4434-ACA0-B066055CA98F}.Debug|Any CPU.Build.0 = Debug|Any CPU
		{CBBF72E4-AE02-4434-ACA0-B066055CA98F}.Debug|ARM.ActiveCfg = Debug|Any CPU
		{CBBF72E4-AE02-4434-ACA0-B066055CA98F}.Debug|ARM.Build.0 = Debug|Any CPU
		{CBBF72E4-AE02-4434-ACA0-B066055CA98F}.Debug|ARM64.ActiveCfg = Debug|Any CPU
		{CBBF72E4-AE02-4434-ACA0-B066055CA98F}.Debug|ARM64.Build.0 = Debug|Any CPU
		{CBBF72E4-AE02-4434-ACA0-B066055CA98F}.Debug|x64.ActiveCfg = Debug|x64
		{CBBF72E4-AE02-4434-ACA0-B066055CA98F}.Debug|x64.Build.0 = Debug|x64
		{CBBF72E4-AE02-4434-ACA0-B066055CA98F}.Debug|x86.ActiveCfg = Debug|Any CPU
		{CBBF72E4-AE02-4434-ACA0-B066055CA98F}.Debug|x86.Build.0 = Debug|Any CPU
		{CBBF72E4-AE02-4434-ACA0-B066055CA98F}.Release|Any CPU.ActiveCfg = Release|Any CPU
		{CBBF72E4-AE02-4434-ACA0-B066055CA98F}.Release|Any CPU.Build.0 = Release|Any CPU
		{CBBF72E4-AE02-4434-ACA0-B066055CA98F}.Release|ARM.ActiveCfg = Release|Any CPU
		{CBBF72E4-AE02-4434-ACA0-B066055CA98F}.Release|ARM.Build.0 = Release|Any CPU
		{CBBF72E4-AE02-4434-ACA0-B066055CA98F}.Release|ARM64.ActiveCfg = Release|Any CPU
		{CBBF72E4-AE02-4434-ACA0-B066055CA98F}.Release|ARM64.Build.0 = Release|Any CPU
		{CBBF72E4-AE02-4434-ACA0-B066055CA98F}.Release|x64.ActiveCfg = Release|x64
		{CBBF72E4-AE02-4434-ACA0-B066055CA98F}.Release|x64.Build.0 = Release|x64
		{CBBF72E4-AE02-4434-ACA0-B066055CA98F}.Release|x86.ActiveCfg = Release|Any CPU
		{CBBF72E4-AE02-4434-ACA0-B066055CA98F}.Release|x86.Build.0 = Release|Any CPU
		{8CA011CB-8A87-40E9-98D2-6139CD482D67}.Debug|Any CPU.ActiveCfg = Debug|Any CPU
		{8CA011CB-8A87-40E9-98D2-6139CD482D67}.Debug|Any CPU.Build.0 = Debug|Any CPU
		{8CA011CB-8A87-40E9-98D2-6139CD482D67}.Debug|ARM.ActiveCfg = Debug|Any CPU
		{8CA011CB-8A87-40E9-98D2-6139CD482D67}.Debug|ARM.Build.0 = Debug|Any CPU
		{8CA011CB-8A87-40E9-98D2-6139CD482D67}.Debug|ARM64.ActiveCfg = Debug|Any CPU
		{8CA011CB-8A87-40E9-98D2-6139CD482D67}.Debug|ARM64.Build.0 = Debug|Any CPU
		{8CA011CB-8A87-40E9-98D2-6139CD482D67}.Debug|x64.ActiveCfg = Debug|x64
		{8CA011CB-8A87-40E9-98D2-6139CD482D67}.Debug|x64.Build.0 = Debug|x64
		{8CA011CB-8A87-40E9-98D2-6139CD482D67}.Debug|x86.ActiveCfg = Debug|Any CPU
		{8CA011CB-8A87-40E9-98D2-6139CD482D67}.Debug|x86.Build.0 = Debug|Any CPU
		{8CA011CB-8A87-40E9-98D2-6139CD482D67}.Release|Any CPU.ActiveCfg = Release|Any CPU
		{8CA011CB-8A87-40E9-98D2-6139CD482D67}.Release|Any CPU.Build.0 = Release|Any CPU
		{8CA011CB-8A87-40E9-98D2-6139CD482D67}.Release|ARM.ActiveCfg = Release|Any CPU
		{8CA011CB-8A87-40E9-98D2-6139CD482D67}.Release|ARM.Build.0 = Release|Any CPU
		{8CA011CB-8A87-40E9-98D2-6139CD482D67}.Release|ARM64.ActiveCfg = Release|Any CPU
		{8CA011CB-8A87-40E9-98D2-6139CD482D67}.Release|ARM64.Build.0 = Release|Any CPU
		{8CA011CB-8A87-40E9-98D2-6139CD482D67}.Release|x64.ActiveCfg = Release|x64
		{8CA011CB-8A87-40E9-98D2-6139CD482D67}.Release|x64.Build.0 = Release|x64
		{8CA011CB-8A87-40E9-98D2-6139CD482D67}.Release|x86.ActiveCfg = Release|Any CPU
		{8CA011CB-8A87-40E9-98D2-6139CD482D67}.Release|x86.Build.0 = Release|Any CPU
		{6307D834-A9E1-4F7D-A625-C7745D43D43D}.Debug|Any CPU.ActiveCfg = Debug|Any CPU
		{6307D834-A9E1-4F7D-A625-C7745D43D43D}.Debug|Any CPU.Build.0 = Debug|Any CPU
		{6307D834-A9E1-4F7D-A625-C7745D43D43D}.Debug|ARM.ActiveCfg = Debug|Any CPU
		{6307D834-A9E1-4F7D-A625-C7745D43D43D}.Debug|ARM64.ActiveCfg = Debug|Any CPU
		{6307D834-A9E1-4F7D-A625-C7745D43D43D}.Debug|x64.ActiveCfg = Debug|Any CPU
		{6307D834-A9E1-4F7D-A625-C7745D43D43D}.Debug|x86.ActiveCfg = Debug|Any CPU
		{6307D834-A9E1-4F7D-A625-C7745D43D43D}.Release|Any CPU.ActiveCfg = Release|Any CPU
		{6307D834-A9E1-4F7D-A625-C7745D43D43D}.Release|Any CPU.Build.0 = Release|Any CPU
		{6307D834-A9E1-4F7D-A625-C7745D43D43D}.Release|ARM.ActiveCfg = Release|Any CPU
		{6307D834-A9E1-4F7D-A625-C7745D43D43D}.Release|ARM64.ActiveCfg = Release|Any CPU
		{6307D834-A9E1-4F7D-A625-C7745D43D43D}.Release|x64.ActiveCfg = Release|Any CPU
		{6307D834-A9E1-4F7D-A625-C7745D43D43D}.Release|x86.ActiveCfg = Release|Any CPU
		{E52CF61B-8089-42B2-9DD4-46534EE059A1}.Debug|Any CPU.ActiveCfg = Debug|Any CPU
		{E52CF61B-8089-42B2-9DD4-46534EE059A1}.Debug|Any CPU.Build.0 = Debug|Any CPU
		{E52CF61B-8089-42B2-9DD4-46534EE059A1}.Debug|ARM.ActiveCfg = Debug|Any CPU
		{E52CF61B-8089-42B2-9DD4-46534EE059A1}.Debug|ARM.Build.0 = Debug|Any CPU
		{E52CF61B-8089-42B2-9DD4-46534EE059A1}.Debug|ARM64.ActiveCfg = Debug|Any CPU
		{E52CF61B-8089-42B2-9DD4-46534EE059A1}.Debug|ARM64.Build.0 = Debug|Any CPU
		{E52CF61B-8089-42B2-9DD4-46534EE059A1}.Debug|x64.ActiveCfg = Debug|Any CPU
		{E52CF61B-8089-42B2-9DD4-46534EE059A1}.Debug|x64.Build.0 = Debug|Any CPU
		{E52CF61B-8089-42B2-9DD4-46534EE059A1}.Debug|x86.ActiveCfg = Debug|Any CPU
		{E52CF61B-8089-42B2-9DD4-46534EE059A1}.Debug|x86.Build.0 = Debug|Any CPU
		{E52CF61B-8089-42B2-9DD4-46534EE059A1}.Release|Any CPU.ActiveCfg = Release|Any CPU
		{E52CF61B-8089-42B2-9DD4-46534EE059A1}.Release|Any CPU.Build.0 = Release|Any CPU
		{E52CF61B-8089-42B2-9DD4-46534EE059A1}.Release|ARM.ActiveCfg = Release|Any CPU
		{E52CF61B-8089-42B2-9DD4-46534EE059A1}.Release|ARM.Build.0 = Release|Any CPU
		{E52CF61B-8089-42B2-9DD4-46534EE059A1}.Release|ARM64.ActiveCfg = Release|Any CPU
		{E52CF61B-8089-42B2-9DD4-46534EE059A1}.Release|ARM64.Build.0 = Release|Any CPU
		{E52CF61B-8089-42B2-9DD4-46534EE059A1}.Release|x64.ActiveCfg = Release|Any CPU
		{E52CF61B-8089-42B2-9DD4-46534EE059A1}.Release|x64.Build.0 = Release|Any CPU
		{E52CF61B-8089-42B2-9DD4-46534EE059A1}.Release|x86.ActiveCfg = Release|Any CPU
		{E52CF61B-8089-42B2-9DD4-46534EE059A1}.Release|x86.Build.0 = Release|Any CPU
		{882115BA-F2EF-47D6-9466-2F3749F4C824}.Debug|Any CPU.ActiveCfg = Debug|x64
		{882115BA-F2EF-47D6-9466-2F3749F4C824}.Debug|Any CPU.Build.0 = Debug|x64
		{882115BA-F2EF-47D6-9466-2F3749F4C824}.Debug|ARM.ActiveCfg = Debug|x64
		{882115BA-F2EF-47D6-9466-2F3749F4C824}.Debug|ARM.Build.0 = Debug|x64
		{882115BA-F2EF-47D6-9466-2F3749F4C824}.Debug|ARM64.ActiveCfg = Debug|x64
		{882115BA-F2EF-47D6-9466-2F3749F4C824}.Debug|ARM64.Build.0 = Debug|x64
		{882115BA-F2EF-47D6-9466-2F3749F4C824}.Debug|x64.ActiveCfg = Debug|x64
		{882115BA-F2EF-47D6-9466-2F3749F4C824}.Debug|x86.ActiveCfg = Debug|x86
		{882115BA-F2EF-47D6-9466-2F3749F4C824}.Debug|x86.Build.0 = Debug|x86
		{882115BA-F2EF-47D6-9466-2F3749F4C824}.Release|Any CPU.ActiveCfg = Release|x64
		{882115BA-F2EF-47D6-9466-2F3749F4C824}.Release|Any CPU.Build.0 = Release|x64
		{882115BA-F2EF-47D6-9466-2F3749F4C824}.Release|ARM.ActiveCfg = Release|x64
		{882115BA-F2EF-47D6-9466-2F3749F4C824}.Release|ARM.Build.0 = Release|x64
		{882115BA-F2EF-47D6-9466-2F3749F4C824}.Release|ARM64.ActiveCfg = Release|x64
		{882115BA-F2EF-47D6-9466-2F3749F4C824}.Release|ARM64.Build.0 = Release|x64
		{882115BA-F2EF-47D6-9466-2F3749F4C824}.Release|x64.ActiveCfg = Release|x64
		{882115BA-F2EF-47D6-9466-2F3749F4C824}.Release|x86.ActiveCfg = Release|x86
		{882115BA-F2EF-47D6-9466-2F3749F4C824}.Release|x86.Build.0 = Release|x86
		{DD41BF4D-0BC2-4C4F-92CA-38DC51826068}.Debug|Any CPU.ActiveCfg = Debug|Any CPU
		{DD41BF4D-0BC2-4C4F-92CA-38DC51826068}.Debug|Any CPU.Build.0 = Debug|Any CPU
		{DD41BF4D-0BC2-4C4F-92CA-38DC51826068}.Debug|ARM.ActiveCfg = Debug|Any CPU
		{DD41BF4D-0BC2-4C4F-92CA-38DC51826068}.Debug|ARM.Build.0 = Debug|Any CPU
		{DD41BF4D-0BC2-4C4F-92CA-38DC51826068}.Debug|ARM64.ActiveCfg = Debug|Any CPU
		{DD41BF4D-0BC2-4C4F-92CA-38DC51826068}.Debug|ARM64.Build.0 = Debug|Any CPU
		{DD41BF4D-0BC2-4C4F-92CA-38DC51826068}.Debug|x64.ActiveCfg = Debug|Any CPU
		{DD41BF4D-0BC2-4C4F-92CA-38DC51826068}.Debug|x64.Build.0 = Debug|Any CPU
		{DD41BF4D-0BC2-4C4F-92CA-38DC51826068}.Debug|x86.ActiveCfg = Debug|Any CPU
		{DD41BF4D-0BC2-4C4F-92CA-38DC51826068}.Debug|x86.Build.0 = Debug|Any CPU
		{DD41BF4D-0BC2-4C4F-92CA-38DC51826068}.Release|Any CPU.ActiveCfg = Release|Any CPU
		{DD41BF4D-0BC2-4C4F-92CA-38DC51826068}.Release|Any CPU.Build.0 = Release|Any CPU
		{DD41BF4D-0BC2-4C4F-92CA-38DC51826068}.Release|ARM.ActiveCfg = Release|Any CPU
		{DD41BF4D-0BC2-4C4F-92CA-38DC51826068}.Release|ARM.Build.0 = Release|Any CPU
		{DD41BF4D-0BC2-4C4F-92CA-38DC51826068}.Release|ARM64.ActiveCfg = Release|Any CPU
		{DD41BF4D-0BC2-4C4F-92CA-38DC51826068}.Release|ARM64.Build.0 = Release|Any CPU
		{DD41BF4D-0BC2-4C4F-92CA-38DC51826068}.Release|x64.ActiveCfg = Release|Any CPU
		{DD41BF4D-0BC2-4C4F-92CA-38DC51826068}.Release|x64.Build.0 = Release|Any CPU
		{DD41BF4D-0BC2-4C4F-92CA-38DC51826068}.Release|x86.ActiveCfg = Release|Any CPU
		{DD41BF4D-0BC2-4C4F-92CA-38DC51826068}.Release|x86.Build.0 = Release|Any CPU
	EndGlobalSection
	GlobalSection(SolutionProperties) = preSolution
		HideSolutionNode = FALSE
	EndGlobalSection
	GlobalSection(NestedProjects) = preSolution
		{15F7DB1A-3934-43DD-AE5C-C33C0111C30F} = {F0E2C410-6F7B-4B4C-8111-394F9DB47A42}
		{C8AEED8B-F39B-4891-82D6-41C4F39A525F} = {F0E2C410-6F7B-4B4C-8111-394F9DB47A42}
		{02610BEB-435F-4397-91E2-EC20740AE0E0} = {FEBF2DCE-8217-47F2-A7A0-88B1D5486B9F}
		{1145201C-8AC4-4E6B-A95B-8A62517C102F} = {FEBF2DCE-8217-47F2-A7A0-88B1D5486B9F}
		{87F35E22-A5DB-485F-85BF-CBC90BA1D3DF} = {FEBF2DCE-8217-47F2-A7A0-88B1D5486B9F}
		{1703A99A-CD0A-455D-A54B-2E788DE7A202} = {F0E2C410-6F7B-4B4C-8111-394F9DB47A42}
		{4645BA3C-7C37-406C-8BB5-50748992B736} = {F0E2C410-6F7B-4B4C-8111-394F9DB47A42}
		{C8DCCA33-B0C9-4282-8ED4-7803F0497DDF} = {FEBF2DCE-8217-47F2-A7A0-88B1D5486B9F}
		{CBBF72E4-AE02-4434-ACA0-B066055CA98F} = {FEBF2DCE-8217-47F2-A7A0-88B1D5486B9F}
		{8CA011CB-8A87-40E9-98D2-6139CD482D67} = {FEBF2DCE-8217-47F2-A7A0-88B1D5486B9F}
		{6307D834-A9E1-4F7D-A625-C7745D43D43D} = {F0E2C410-6F7B-4B4C-8111-394F9DB47A42}
		{E52CF61B-8089-42B2-9DD4-46534EE059A1} = {F0E2C410-6F7B-4B4C-8111-394F9DB47A42}
		{DD41BF4D-0BC2-4C4F-92CA-38DC51826068} = {F0E2C410-6F7B-4B4C-8111-394F9DB47A42}
	EndGlobalSection
	GlobalSection(ExtensibilityGlobals) = postSolution
		SolutionGuid = {49DA3DF4-40D8-4DE4-9101-E7259712B6EA}
	EndGlobalSection
EndGlobal
